
Microsoft Visual Studio Solution File, Format Version 12.00
# Visual Studio Version 16
VisualStudioVersion = 16.0.29519.87
MinimumVisualStudioVersion = 10.0.40219.1
Project("{FAE04EC0-301F-11D3-BF4B-00C04F79EFBC}") = "Exercise14", "Exercise14\Exercise14.csproj", "{BD18E96E-8975-49CB-B5A3-9FEC814416F0}"
EndProject
Global
	GlobalSection(SolutionConfigurationPlatforms) = preSolution
		Debug|Any CPU = Debug|Any CPU
		Release|Any CPU = Release|Any CPU
	EndGlobalSection
	GlobalSection(ProjectConfigurationPlatforms) = postSolution
		{BD18E96E-8975-49CB-B5A3-9FEC814416F0}.Debug|Any CPU.ActiveCfg = Debug|Any CPU
		{BD18E96E-8975-49CB-B5A3-9FEC814416F0}.Debug|Any CPU.Build.0 = Debug|Any CPU
		{BD18E96E-8975-49CB-B5A3-9FEC814416F0}.Release|Any CPU.ActiveCfg = Release|Any CPU
		{BD18E96E-8975-49CB-B5A3-9FEC814416F0}.Release|Any CPU.Build.0 = Release|Any CPU
	EndGlobalSection
	GlobalSection(SolutionProperties) = preSolution
		HideSolutionNode = FALSE
	EndGlobalSection
	GlobalSection(ExtensibilityGlobals) = postSolution
		SolutionGuid = {CD49DD61-3620-4EAB-B8E3-E4AADA0D4D82}
	EndGlobalSection
EndGlobal
