
Microsoft Visual Studio Solution File, Format Version 12.00
# Visual Studio Version 16
VisualStudioVersion = 16.0.29519.87
MinimumVisualStudioVersion = 10.0.40219.1
Project("{FAE04EC0-301F-11D3-BF4B-00C04F79EFBC}") = "Exercise12", "Exercise12\Exercise12.csproj", "{65AC8E48-115D-4C0E-9D32-D56E18436522}"
EndProject
Global
	GlobalSection(SolutionConfigurationPlatforms) = preSolution
		Debug|Any CPU = Debug|Any CPU
		Release|Any CPU = Release|Any CPU
	EndGlobalSection
	GlobalSection(ProjectConfigurationPlatforms) = postSolution
		{65AC8E48-115D-4C0E-9D32-D56E18436522}.Debug|Any CPU.ActiveCfg = Debug|Any CPU
		{65AC8E48-115D-4C0E-9D32-D56E18436522}.Debug|Any CPU.Build.0 = Debug|Any CPU
		{65AC8E48-115D-4C0E-9D32-D56E18436522}.Release|Any CPU.ActiveCfg = Release|Any CPU
		{65AC8E48-115D-4C0E-9D32-D56E18436522}.Release|Any CPU.Build.0 = Release|Any CPU
	EndGlobalSection
	GlobalSection(SolutionProperties) = preSolution
		HideSolutionNode = FALSE
	EndGlobalSection
	GlobalSection(ExtensibilityGlobals) = postSolution
		SolutionGuid = {32C74B28-15FC-4A67-839A-A08EA71166EE}
	EndGlobalSection
EndGlobal
