
Microsoft Visual Studio Solution File, Format Version 12.00
# Visual Studio Version 16
VisualStudioVersion = 16.0.29519.87
MinimumVisualStudioVersion = 10.0.40219.1
Project("{FAE04EC0-301F-11D3-BF4B-00C04F79EFBC}") = "Exercise23", "Exercise23\Exercise23.csproj", "{A5A0920F-6E89-41DE-BC41-8ACE61D96089}"
EndProject
Global
	GlobalSection(SolutionConfigurationPlatforms) = preSolution
		Debug|Any CPU = Debug|Any CPU
		Release|Any CPU = Release|Any CPU
	EndGlobalSection
	GlobalSection(ProjectConfigurationPlatforms) = postSolution
		{A5A0920F-6E89-41DE-BC41-8ACE61D96089}.Debug|Any CPU.ActiveCfg = Debug|Any CPU
		{A5A0920F-6E89-41DE-BC41-8ACE61D96089}.Debug|Any CPU.Build.0 = Debug|Any CPU
		{A5A0920F-6E89-41DE-BC41-8ACE61D96089}.Release|Any CPU.ActiveCfg = Release|Any CPU
		{A5A0920F-6E89-41DE-BC41-8ACE61D96089}.Release|Any CPU.Build.0 = Release|Any CPU
	EndGlobalSection
	GlobalSection(SolutionProperties) = preSolution
		HideSolutionNode = FALSE
	EndGlobalSection
	GlobalSection(ExtensibilityGlobals) = postSolution
		SolutionGuid = {43EF3A1C-9061-4D13-B4D5-07B7A7D35126}
	EndGlobalSection
EndGlobal
