
Microsoft Visual Studio Solution File, Format Version 12.00
# Visual Studio Version 16
VisualStudioVersion = 16.0.29519.87
MinimumVisualStudioVersion = 10.0.40219.1
Project("{FAE04EC0-301F-11D3-BF4B-00C04F79EFBC}") = "Exercise13", "Exercise13\Exercise13.csproj", "{DC0BFE9C-A94E-4737-801A-0EE4E5E1D122}"
EndProject
Global
	GlobalSection(SolutionConfigurationPlatforms) = preSolution
		Debug|Any CPU = Debug|Any CPU
		Release|Any CPU = Release|Any CPU
	EndGlobalSection
	GlobalSection(ProjectConfigurationPlatforms) = postSolution
		{DC0BFE9C-A94E-4737-801A-0EE4E5E1D122}.Debug|Any CPU.ActiveCfg = Debug|Any CPU
		{DC0BFE9C-A94E-4737-801A-0EE4E5E1D122}.Debug|Any CPU.Build.0 = Debug|Any CPU
		{DC0BFE9C-A94E-4737-801A-0EE4E5E1D122}.Release|Any CPU.ActiveCfg = Release|Any CPU
		{DC0BFE9C-A94E-4737-801A-0EE4E5E1D122}.Release|Any CPU.Build.0 = Release|Any CPU
	EndGlobalSection
	GlobalSection(SolutionProperties) = preSolution
		HideSolutionNode = FALSE
	EndGlobalSection
	GlobalSection(ExtensibilityGlobals) = postSolution
		SolutionGuid = {995F40CE-8B22-4D6E-9671-268D0F000F41}
	EndGlobalSection
EndGlobal
