
Microsoft Visual Studio Solution File, Format Version 12.00
# Visual Studio Version 16
VisualStudioVersion = 16.0.29519.87
MinimumVisualStudioVersion = 10.0.40219.1
Project("{FAE04EC0-301F-11D3-BF4B-00C04F79EFBC}") = "Exercise2", "Exercise2\Exercise2.csproj", "{B6B7AA15-4F5D-49AF-AFAF-98A7C096582C}"
EndProject
Global
	GlobalSection(SolutionConfigurationPlatforms) = preSolution
		Debug|Any CPU = Debug|Any CPU
		Release|Any CPU = Release|Any CPU
	EndGlobalSection
	GlobalSection(ProjectConfigurationPlatforms) = postSolution
		{B6B7AA15-4F5D-49AF-AFAF-98A7C096582C}.Debug|Any CPU.ActiveCfg = Debug|Any CPU
		{B6B7AA15-4F5D-49AF-AFAF-98A7C096582C}.Debug|Any CPU.Build.0 = Debug|Any CPU
		{B6B7AA15-4F5D-49AF-AFAF-98A7C096582C}.Release|Any CPU.ActiveCfg = Release|Any CPU
		{B6B7AA15-4F5D-49AF-AFAF-98A7C096582C}.Release|Any CPU.Build.0 = Release|Any CPU
	EndGlobalSection
	GlobalSection(SolutionProperties) = preSolution
		HideSolutionNode = FALSE
	EndGlobalSection
	GlobalSection(ExtensibilityGlobals) = postSolution
		SolutionGuid = {46591363-656A-4425-B588-82619016BB7C}
	EndGlobalSection
EndGlobal
